// !$*UTF8*$!
{
	archiveVersion = 1;
	classes = {
	};
	objectVersion = 46;
	objects = {

/* Begin PBXBuildFile section */
		B5B031CB21ACBE6E95D7B905 /* libPods-demo.a in Frameworks */ = {isa = PBXBuildFile; fileRef = 7AB529067594539C241980D3 /* libPods-demo.a */; };
		DB046FCC1B668B7F0068A35D /* main.m in Sources */ = {isa = PBXBuildFile; fileRef = DB046FCB1B668B7F0068A35D /* main.m */; };
		DB046FCF1B668B7F0068A35D /* AppDelegate.m in Sources */ = {isa = PBXBuildFile; fileRef = DB046FCE1B668B7F0068A35D /* AppDelegate.m */; };
		DB046FD21B668B7F0068A35D /* ViewController.m in Sources */ = {isa = PBXBuildFile; fileRef = DB046FD11B668B7F0068A35D /* ViewController.m */; };
		DB046FD51B668B7F0068A35D /* Main.storyboard in Resources */ = {isa = PBXBuildFile; fileRef = DB046FD31B668B7F0068A35D /* Main.storyboard */; };
		DB046FD71B668B7F0068A35D /* Images.xcassets in Resources */ = {isa = PBXBuildFile; fileRef = DB046FD61B668B7F0068A35D /* Images.xcassets */; };
		DB046FDA1B668B7F0068A35D /* LaunchScreen.xib in Resources */ = {isa = PBXBuildFile; fileRef = DB046FD81B668B7F0068A35D /* LaunchScreen.xib */; };
		DB046FE61B668B7F0068A35D /* demoTests.m in Sources */ = {isa = PBXBuildFile; fileRef = DB046FE51B668B7F0068A35D /* demoTests.m */; };
/* End PBXBuildFile section */

/* Begin PBXContainerItemProxy section */
		DB046FE01B668B7F0068A35D /* PBXContainerItemProxy */ = {
			isa = PBXContainerItemProxy;
			containerPortal = DB046FBE1B668B7F0068A35D /* Project object */;
			proxyType = 1;
			remoteGlobalIDString = DB046FC51B668B7F0068A35D;
			remoteInfo = demo;
		};
/* End PBXContainerItemProxy section */

/* Begin PBXFileReference section */
		7AB529067594539C241980D3 /* libPods-demo.a */ = {isa = PBXFileReference; explicitFileType = archive.ar; includeInIndex = 0; path = "libPods-demo.a"; sourceTree = BUILT_PRODUCTS_DIR; };
		C7D30B8B2D234A22537ACDD2 /* Pods-demo.release.xcconfig */ = {isa = PBXFileReference; includeInIndex = 1; lastKnownFileType = text.xcconfig; name = "Pods-demo.release.xcconfig"; path = "Pods/Target Support Files/Pods-demo/Pods-demo.release.xcconfig"; sourceTree = "<group>"; };
		D533E2C51B2E5915E1427FDD /* Pods-demo.debug.xcconfig */ = {isa = PBXFileReference; includeInIndex = 1; lastKnownFileType = text.xcconfig; name = "Pods-demo.debug.xcconfig"; path = "Pods/Target Support Files/Pods-demo/Pods-demo.debug.xcconfig"; sourceTree = "<group>"; };
		DB046FC61B668B7F0068A35D /* demo.app */ = {isa = PBXFileReference; explicitFileType = wrapper.application; includeInIndex = 0; path = demo.app; sourceTree = BUILT_PRODUCTS_DIR; };
		DB046FCA1B668B7F0068A35D /* Info.plist */ = {isa = PBXFileReference; lastKnownFileType = text.plist.xml; path = Info.plist; sourceTree = "<group>"; };
		DB046FCB1B668B7F0068A35D /* main.m */ = {isa = PBXFileReference; lastKnownFileType = sourcecode.c.objc; path = main.m; sourceTree = "<group>"; };
		DB046FCD1B668B7F0068A35D /* AppDelegate.h */ = {isa = PBXFileReference; lastKnownFileType = sourcecode.c.h; path = AppDelegate.h; sourceTree = "<group>"; };
		DB046FCE1B668B7F0068A35D /* AppDelegate.m */ = {isa = PBXFileReference; lastKnownFileType = sourcecode.c.objc; path = AppDelegate.m; sourceTree = "<group>"; };
		DB046FD01B668B7F0068A35D /* ViewController.h */ = {isa = PBXFileReference; lastKnownFileType = sourcecode.c.h; path = ViewController.h; sourceTree = "<group>"; };
		DB046FD11B668B7F0068A35D /* ViewController.m */ = {isa = PBXFileReference; lastKnownFileType = sourcecode.c.objc; path = ViewController.m; sourceTree = "<group>"; };
		DB046FD41B668B7F0068A35D /* Base */ = {isa = PBXFileReference; lastKnownFileType = file.storyboard; name = Base; path = Base.lproj/Main.storyboard; sourceTree = "<group>"; };
		DB046FD61B668B7F0068A35D /* Images.xcassets */ = {isa = PBXFileReference; lastKnownFileType = folder.assetcatalog; path = Images.xcassets; sourceTree = "<group>"; };
		DB046FD91B668B7F0068A35D /* Base */ = {isa = PBXFileReference; lastKnownFileType = file.xib; name = Base; path = Base.lproj/LaunchScreen.xib; sourceTree = "<group>"; };
		DB046FDF1B668B7F0068A35D /* demoTests.xctest */ = {isa = PBXFileReference; explicitFileType = wrapper.cfbundle; includeInIndex = 0; path = demoTests.xctest; sourceTree = BUILT_PRODUCTS_DIR; };
		DB046FE41B668B7F0068A35D /* Info.plist */ = {isa = PBXFileReference; lastKnownFileType = text.plist.xml; path = Info.plist; sourceTree = "<group>"; };
		DB046FE51B668B7F0068A35D /* demoTests.m */ = {isa = PBXFileReference; lastKnownFileType = sourcecode.c.objc; path = demoTests.m; sourceTree = "<group>"; };
/* End PBXFileReference section */

/* Begin PBXFrameworksBuildPhase section */
		DB046FC31B668B7F0068A35D /* Frameworks */ = {
			isa = PBXFrameworksBuildPhase;
			buildActionMask = 2147483647;
			files = (
				B5B031CB21ACBE6E95D7B905 /* libPods-demo.a in Frameworks */,
			);
			runOnlyForDeploymentPostprocessing = 0;
		};
		DB046FDC1B668B7F0068A35D /* Frameworks */ = {
			isa = PBXFrameworksBuildPhase;
			buildActionMask = 2147483647;
			files = (
			);
			runOnlyForDeploymentPostprocessing = 0;
		};
/* End PBXFrameworksBuildPhase section */

/* Begin PBXGroup section */
		7340D65213F28F709453F478 /* Frameworks */ = {
			isa = PBXGroup;
			children = (
				7AB529067594539C241980D3 /* libPods-demo.a */,
			);
			name = Frameworks;
			sourceTree = "<group>";
		};
		D3C91CAACAE6D68DC1EF4C22 /* Pods */ = {
			isa = PBXGroup;
			children = (
				D533E2C51B2E5915E1427FDD /* Pods-demo.debug.xcconfig */,
				C7D30B8B2D234A22537ACDD2 /* Pods-demo.release.xcconfig */,
			);
			name = Pods;
			sourceTree = "<group>";
		};
		DB046FBD1B668B7F0068A35D = {
			isa = PBXGroup;
			children = (
				DB046FC81B668B7F0068A35D /* demo */,
				DB046FE21B668B7F0068A35D /* demoTests */,
				DB046FC71B668B7F0068A35D /* Products */,
				D3C91CAACAE6D68DC1EF4C22 /* Pods */,
				7340D65213F28F709453F478 /* Frameworks */,
			);
			sourceTree = "<group>";
		};
		DB046FC71B668B7F0068A35D /* Products */ = {
			isa = PBXGroup;
			children = (
				DB046FC61B668B7F0068A35D /* demo.app */,
				DB046FDF1B668B7F0068A35D /* demoTests.xctest */,
			);
			name = Products;
			sourceTree = "<group>";
		};
		DB046FC81B668B7F0068A35D /* demo */ = {
			isa = PBXGroup;
			children = (
				DB046FCD1B668B7F0068A35D /* AppDelegate.h */,
				DB046FCE1B668B7F0068A35D /* AppDelegate.m */,
				DB046FD01B668B7F0068A35D /* ViewController.h */,
				DB046FD11B668B7F0068A35D /* ViewController.m */,
				DB046FD31B668B7F0068A35D /* Main.storyboard */,
				DB046FD61B668B7F0068A35D /* Images.xcassets */,
				DB046FD81B668B7F0068A35D /* LaunchScreen.xib */,
				DB046FC91B668B7F0068A35D /* Supporting Files */,
			);
			path = demo;
			sourceTree = "<group>";
		};
		DB046FC91B668B7F0068A35D /* Supporting Files */ = {
			isa = PBXGroup;
			children = (
				DB046FCA1B668B7F0068A35D /* Info.plist */,
				DB046FCB1B668B7F0068A35D /* main.m */,
			);
			name = "Supporting Files";
			sourceTree = "<group>";
		};
		DB046FE21B668B7F0068A35D /* demoTests */ = {
			isa = PBXGroup;
			children = (
				DB046FE51B668B7F0068A35D /* demoTests.m */,
				DB046FE31B668B7F0068A35D /* Supporting Files */,
			);
			path = demoTests;
			sourceTree = "<group>";
		};
		DB046FE31B668B7F0068A35D /* Supporting Files */ = {
			isa = PBXGroup;
			children = (
				DB046FE41B668B7F0068A35D /* Info.plist */,
			);
			name = "Supporting Files";
			sourceTree = "<group>";
		};
/* End PBXGroup section */

/* Begin PBXNativeTarget section */
		DB046FC51B668B7F0068A35D /* demo */ = {
			isa = PBXNativeTarget;
			buildConfigurationList = DB046FE91B668B7F0068A35D /* Build configuration list for PBXNativeTarget "demo" */;
			buildPhases = (
				E7858516AED4DF37DA0B1316 /* Check Pods Manifest.lock */,
				DB046FC21B668B7F0068A35D /* Sources */,
				DB046FC31B668B7F0068A35D /* Frameworks */,
				DB046FC41B668B7F0068A35D /* Resources */,
				00C84750557D1CF5876DCC18 /* Copy Pods Resources */,
			);
			buildRules = (
			);
			dependencies = (
			);
			name = demo;
			productName = demo;
			productReference = DB046FC61B668B7F0068A35D /* demo.app */;
			productType = "com.apple.product-type.application";
		};
		DB046FDE1B668B7F0068A35D /* demoTests */ = {
			isa = PBXNativeTarget;
			buildConfigurationList = DB046FEC1B668B7F0068A35D /* Build configuration list for PBXNativeTarget "demoTests" */;
			buildPhases = (
				DB046FDB1B668B7F0068A35D /* Sources */,
				DB046FDC1B668B7F0068A35D /* Frameworks */,
				DB046FDD1B668B7F0068A35D /* Resources */,
			);
			buildRules = (
			);
			dependencies = (
				DB046FE11B668B7F0068A35D /* PBXTargetDependency */,
			);
			name = demoTests;
			productName = demoTests;
			productReference = DB046FDF1B668B7F0068A35D /* demoTests.xctest */;
			productType = "com.apple.product-type.bundle.unit-test";
		};
/* End PBXNativeTarget section */

/* Begin PBXProject section */
		DB046FBE1B668B7F0068A35D /* Project object */ = {
			isa = PBXProject;
			attributes = {
				LastUpgradeCheck = 0640;
				ORGANIZATIONNAME = xuecailing;
				TargetAttributes = {
					DB046FC51B668B7F0068A35D = {
						CreatedOnToolsVersion = 6.4;
					};
					DB046FDE1B668B7F0068A35D = {
						CreatedOnToolsVersion = 6.4;
						TestTargetID = DB046FC51B668B7F0068A35D;
					};
				};
			};
			buildConfigurationList = DB046FC11B668B7F0068A35D /* Build configuration list for PBXProject "demo" */;
			compatibilityVersion = "Xcode 3.2";
			developmentRegion = English;
			hasScannedForEncodings = 0;
			knownRegions = (
				en,
				Base,
			);
			mainGroup = DB046FBD1B668B7F0068A35D;
			productRefGroup = DB046FC71B668B7F0068A35D /* Products */;
			projectDirPath = "";
			projectRoot = "";
			targets = (
				DB046FC51B668B7F0068A35D /* demo */,
				DB046FDE1B668B7F0068A35D /* demoTests */,
			);
		};
/* End PBXProject section */

/* Begin PBXResourcesBuildPhase section */
		DB046FC41B668B7F0068A35D /* Resources */ = {
			isa = PBXResourcesBuildPhase;
			buildActionMask = 2147483647;
			files = (
				DB046FD51B668B7F0068A35D /* Main.storyboard in Resources */,
				DB046FDA1B668B7F0068A35D /* LaunchScreen.xib in Resources */,
				DB046FD71B668B7F0068A35D /* Images.xcassets in Resources */,
			);
			runOnlyForDeploymentPostprocessing = 0;
		};
		DB046FDD1B668B7F0068A35D /* Resources */ = {
			isa = PBXResourcesBuildPhase;
			buildActionMask = 2147483647;
			files = (
			);
			runOnlyForDeploymentPostprocessing = 0;
		};
/* End PBXResourcesBuildPhase section */

/* Begin PBXShellScriptBuildPhase section */
		00C84750557D1CF5876DCC18 /* Copy Pods Resources */ = {
			isa = PBXShellScriptBuildPhase;
			buildActionMask = 2147483647;
			files = (
			);
			inputPaths = (
			);
			name = "Copy Pods Resources";
			outputPaths = (
			);
			runOnlyForDeploymentPostprocessing = 0;
			shellPath = /bin/sh;
			shellScript = "\"${SRCROOT}/Pods/Target Support Files/Pods-demo/Pods-demo-resources.sh\"\n";
			showEnvVarsInLog = 0;
		};
		E7858516AED4DF37DA0B1316 /* Check Pods Manifest.lock */ = {
			isa = PBXShellScriptBuildPhase;
			buildActionMask = 2147483647;
			files = (
			);
			inputPaths = (
			);
			name = "Check Pods Manifest.lock";
			outputPaths = (
			);
			runOnlyForDeploymentPostprocessing = 0;
			shellPath = /bin/sh;
			shellScript = "diff \"${PODS_ROOT}/../Podfile.lock\" \"${PODS_ROOT}/Manifest.lock\" > /dev/null\nif [[ $? != 0 ]] ; then\n    cat << EOM\nerror: The sandbox is not in sync with the Podfile.lock. Run 'pod install' or update your CocoaPods installation.\nEOM\n    exit 1\nfi\n";
			showEnvVarsInLog = 0;
		};
/* End PBXShellScriptBuildPhase section */

/* Begin PBXSourcesBuildPhase section */
		DB046FC21B668B7F0068A35D /* Sources */ = {
			isa = PBXSourcesBuildPhase;
			buildActionMask = 2147483647;
			files = (
				DB046FD21B668B7F0068A35D /* ViewController.m in Sources */,
				DB046FCF1B668B7F0068A35D /* AppDelegate.m in Sources */,
				DB046FCC1B668B7F0068A35D /* main.m in Sources */,
			);
			runOnlyForDeploymentPostprocessing = 0;
		};
		DB046FDB1B668B7F0068A35D /* Sources */ = {
			isa = PBXSourcesBuildPhase;
			buildActionMask = 2147483647;
			files = (
				DB046FE61B668B7F0068A35D /* demoTests.m in Sources */,
			);
			runOnlyForDeploymentPostprocessing = 0;
		};
/* End PBXSourcesBuildPhase section */

/* Begin PBXTargetDependency section */
		DB046FE11B668B7F0068A35D /* PBXTargetDependency */ = {
			isa = PBXTargetDependency;
			target = DB046FC51B668B7F0068A35D /* demo */;
			targetProxy = DB046FE01B668B7F0068A35D /* PBXContainerItemProxy */;
		};
/* End PBXTargetDependency section */

/* Begin PBXVariantGroup section */
		DB046FD31B668B7F0068A35D /* Main.storyboard */ = {
			isa = PBXVariantGroup;
			children = (
				DB046FD41B668B7F0068A35D /* Base */,
			);
			name = Main.storyboard;
			sourceTree = "<group>";
		};
		DB046FD81B668B7F0068A35D /* LaunchScreen.xib */ = {
			isa = PBXVariantGroup;
			children = (
				DB046FD91B668B7F0068A35D /* Base */,
			);
			name = LaunchScreen.xib;
			sourceTree = "<group>";
		};
/* End PBXVariantGroup section */

/* Begin XCBuildConfiguration section */
		DB046FE71B668B7F0068A35D /* Debug */ = {
			isa = XCBuildConfiguration;
			buildSettings = {
				ALWAYS_SEARCH_USER_PATHS = NO;
				CLANG_CXX_LANGUAGE_STANDARD = "gnu++0x";
				CLANG_CXX_LIBRARY = "libc++";
				CLANG_ENABLE_MODULES = YES;
				CLANG_ENABLE_OBJC_ARC = YES;
				CLANG_WARN_BOOL_CONVERSION = YES;
				CLANG_WARN_CONSTANT_CONVERSION = YES;
				CLANG_WARN_DIRECT_OBJC_ISA_USAGE = YES_ERROR;
				CLANG_WARN_EMPTY_BODY = YES;
				CLANG_WARN_ENUM_CONVERSION = YES;
				CLANG_WARN_INT_CONVERSION = YES;
				CLANG_WARN_OBJC_ROOT_CLASS = YES_ERROR;
				CLANG_WARN_UNREACHABLE_CODE = YES;
				CLANG_WARN__DUPLICATE_METHOD_MATCH = YES;
				"CODE_SIGN_IDENTITY[sdk=iphoneos*]" = "iPhone Developer";
				COPY_PHASE_STRIP = NO;
				DEBUG_INFORMATION_FORMAT = "dwarf-with-dsym";
				ENABLE_STRICT_OBJC_MSGSEND = YES;
				GCC_C_LANGUAGE_STANDARD = gnu99;
				GCC_DYNAMIC_NO_PIC = NO;
				GCC_NO_COMMON_BLOCKS = YES;
				GCC_OPTIMIZATION_LEVEL = 0;
				GCC_PREPROCESSOR_DEFINITIONS = (
					"DEBUG=1",
					"$(inherited)",
				);
				GCC_SYMBOLS_PRIVATE_EXTERN = NO;
				GCC_WARN_64_TO_32_BIT_CONVERSION = YES;
				GCC_WARN_ABOUT_RETURN_TYPE = YES_ERROR;
				GCC_WARN_UNDECLARED_SELECTOR = YES;
				GCC_WARN_UNINITIALIZED_AUTOS = YES_AGGRESSIVE;
				GCC_WARN_UNUSED_FUNCTION = YES;
				GCC_WARN_UNUSED_VARIABLE = YES;
				IPHONEOS_DEPLOYMENT_TARGET = 8.4;
				MTL_ENABLE_DEBUG_INFO = YES;
				ONLY_ACTIVE_ARCH = YES;
				SDKROOT = iphoneos;
				TARGETED_DEVICE_FAMILY = "1,2";
			};
			name = Debug;
		};
		DB046FE81B668B7F0068A35D /* Release */ = {
			isa = XCBuildConfiguration;
			buildSettings = {
				ALWAYS_SEARCH_USER_PATHS = NO;
				CLANG_CXX_LANGUAGE_STANDARD = "gnu++0x";
				CLANG_CXX_LIBRARY = "libc++";
				CLANG_ENABLE_MODULES = YES;
				CLANG_ENABLE_OBJC_ARC = YES;
				CLANG_WARN_BOOL_CONVERSION = YES;
				CLANG_WARN_CONSTANT_CONVERSION = YES;
				CLANG_WARN_DIRECT_OBJC_ISA_USAGE = YES_ERROR;
				CLANG_WARN_EMPTY_BODY = YES;
				CLANG_WARN_ENUM_CONVERSION = YES;
				CLANG_WARN_INT_CONVERSION = YES;
				CLANG_WARN_OBJC_ROOT_CLASS = YES_ERROR;
				CLANG_WARN_UNREACHABLE_CODE = YES;
				CLANG_WARN__DUPLICATE_METHOD_MATCH = YES;
				"CODE_SIGN_IDENTITY[sdk=iphoneos*]" = "iPhone Developer";
				COPY_PHASE_STRIP = NO;
				DEBUG_INFORMATION_FORMAT = "dwarf-with-dsym";
				ENABLE_NS_ASSERTIONS = NO;
				ENABLE_STRICT_OBJC_MSGSEND = YES;
				GCC_C_LANGUAGE_STANDARD = gnu99;
				GCC_NO_COMMON_BLOCKS = YES;
				GCC_WARN_64_TO_32_BIT_CONVERSION = YES;
				GCC_WARN_ABOUT_RETURN_TYPE = YES_ERROR;
				GCC_WARN_UNDECLARED_SELECTOR = YES;
				GCC_WARN_UNINITIALIZED_AUTOS = YES_AGGRESSIVE;
				GCC_WARN_UNUSED_FUNCTION = YES;
				GCC_WARN_UNUSED_VARIABLE = YES;
				IPHONEOS_DEPLOYMENT_TARGET = 8.4;
				MTL_ENABLE_DEBUG_INFO = NO;
				SDKROOT = iphoneos;
				TARGETED_DEVICE_FAMILY = "1,2";
				VALIDATE_PRODUCT = YES;
			};
			name = Release;
		};
		DB046FEA1B668B7F0068A35D /* Debug */ = {
			isa = XCBuildConfiguration;
			baseConfigurationReference = D533E2C51B2E5915E1427FDD /* Pods-demo.debug.xcconfig */;
			buildSettings = {
				ASSETCATALOG_COMPILER_APPICON_NAME = AppIcon;
				INFOPLIST_FILE = demo/Info.plist;
				IPHONEOS_DEPLOYMENT_TARGET = 7.0;
				LD_RUNPATH_SEARCH_PATHS = "$(inherited) @executable_path/Frameworks";
				PRODUCT_NAME = "$(TARGET_NAME)";
			};
			name = Debug;
		};
		DB046FEB1B668B7F0068A35D /* Release */ = {
			isa = XCBuildConfiguration;
			baseConfigurationReference = C7D30B8B2D234A22537ACDD2 /* Pods-demo.release.xcconfig */;
			buildSettings = {
				ASSETCATALOG_COMPILER_APPICON_NAME = AppIcon;
				INFOPLIST_FILE = demo/Info.plist;
				IPHONEOS_DEPLOYMENT_TARGET = 7.0;
				LD_RUNPATH_SEARCH_PATHS = "$(inherited) @executable_path/Frameworks";
				PRODUCT_NAME = "$(TARGET_NAME)";
			};
			name = Release;
		};
		DB046FED1B668B7F0068A35D /* Debug */ = {
			isa = XCBuildConfiguration;
			buildSettings = {
				BUNDLE_LOADER = "$(TEST_HOST)";
				FRAMEWORK_SEARCH_PATHS = (
					"$(SDKROOT)/Developer/Library/Frameworks",
					"$(inherited)",
				);
				GCC_PREPROCESSOR_DEFINITIONS = (
					"DEBUG=1",
					"$(inherited)",
				);
				INFOPLIST_FILE = demoTests/Info.plist;
				LD_RUNPATH_SEARCH_PATHS = "$(inherited) @executable_path/Frameworks @loader_path/Frameworks";
				PRODUCT_NAME = "$(TARGET_NAME)";
				TEST_HOST = "$(BUILT_PRODUCTS_DIR)/demo.app/demo";
			};
			name = Debug;
		};
		DB046FEE1B668B7F0068A35D /* Release */ = {
			isa = XCBuildConfiguration;
			buildSettings = {
				BUNDLE_LOADER = "$(TEST_HOST)";
				FRAMEWORK_SEARCH_PATHS = (
					"$(SDKROOT)/Developer/Library/Frameworks",
					"$(inherited)",
				);
				INFOPLIST_FILE = demoTests/Info.plist;
				LD_RUNPATH_SEARCH_PATHS = "$(inherited) @executable_path/Frameworks @loader_path/Frameworks";
				PRODUCT_NAME = "$(TARGET_NAME)";
				TEST_HOST = "$(BUILT_PRODUCTS_DIR)/demo.app/demo";
			};
			name = Release;
		};
/* End XCBuildConfiguration section */

/* Begin XCConfigurationList section */
		DB046FC11B668B7F0068A35D /* Build configuration list for PBXProject "demo" */ = {
			isa = XCConfigurationList;
			buildConfigurations = (
				DB046FE71B668B7F0068A35D /* Debug */,
				DB046FE81B668B7F0068A35D /* Release */,
			);
			defaultConfigurationIsVisible = 0;
			defaultConfigurationName = Release;
		};
		DB046FE91B668B7F0068A35D /* Build configuration list for PBXNativeTarget "demo" */ = {
			isa = XCConfigurationList;
			buildConfigurations = (
				DB046FEA1B668B7F0068A35D /* Debug */,
				DB046FEB1B668B7F0068A35D /* Release */,
			);
			defaultConfigurationIsVisible = 0;
			defaultConfigurationName = Release;
		};
		DB046FEC1B668B7F0068A35D /* Build configuration list for PBXNativeTarget "demoTests" */ = {
			isa = XCConfigurationList;
			buildConfigurations = (
				DB046FED1B668B7F0068A35D /* Debug */,
				DB046FEE1B668B7F0068A35D /* Release */,
			);
			defaultConfigurationIsVisible = 0;
			defaultConfigurationName = Release;
		};
/* End XCConfigurationList section */
	};
	rootObject = DB046FBE1B668B7F0068A35D /* Project object */;
}
